<?xml version="1.0" encoding="utf-8"?>
<Project ToolsVersion="4.0" xmlns="http://schemas.microsoft.com/developer/msbuild/2003">
  <ItemGroup>
    <Filter Include="Source Files">
      <UniqueIdentifier>{4FC737F1-C7A5-4376-A066-2A32D752A2FF}</UniqueIdentifier>
      <Extensions>cpp;c;cc;cxx;def;odl;idl;hpj;bat;asm;asmx</Extensions>
    </Filter>
    <Filter Include="Header Files">
      <UniqueIdentifier>{93995380-89BD-4b04-88EB-625FBE52EBFB}</UniqueIdentifier>
      <Extensions>h;hh;hpp;hxx;hm;inl;inc;xsd</Extensions>
    </Filter>
    <Filter Include="Resource Files">
      <UniqueIdentifier>{67DA6AB6-F800-4c08-8B7A-83BB121AAD01}</UniqueIdentifier>
      <Extensions>rc;ico;cur;bmp;dlg;rc2;rct;bin;rgs;gif;jpg;jpeg;jpe;resx;tiff;tif;png;wav;mfcribbon-ms</Extensions>
    </Filter>
  </ItemGroup>
  <ItemGroup>
    <ClCompile Include="..\Clp_ampl.cpp">
      <Filter>Source Files</Filter>
    </ClCompile>
    <ClCompile Include="..\Clp_C_Interface.cpp">
      <Filter>Source Files</Filter>
    </ClCompile>
    <ClCompile Include="..\ClpCholeskyBase.cpp">
      <Filter>Source Files</Filter>
    </ClCompile>
    <ClCompile Include="..\ClpCholeskyDense.cpp">
      <Filter>Source Files</Filter>
    </ClCompile>
    <ClCompile Include="..\ClpCholeskyTaucs.cpp">
      <Filter>Source Files</Filter>
    </ClCompile>
    <ClCompile Include="..\ClpCholeskyWssmp.cpp">
      <Filter>Source Files</Filter>
    </ClCompile>
    <ClCompile Include="..\ClpCholeskyWssmpKKT.cpp">
      <Filter>Source Files</Filter>
    </ClCompile>
    <ClCompile Include="..\ClpConstraint.cpp">
      <Filter>Source Files</Filter>
    </ClCompile>
    <ClCompile Include="..\ClpConstraintLinear.cpp">
      <Filter>Source Files</Filter>
    </ClCompile>
    <ClCompile Include="..\ClpConstraintQuadratic.cpp">
      <Filter>Source Files</Filter>
    </ClCompile>
    <ClCompile Include="..\ClpDualRowDantzig.cpp">
      <Filter>Source Files</Filter>
    </ClCompile>
    <ClCompile Include="..\ClpDualRowPivot.cpp">
      <Filter>Source Files</Filter>
    </ClCompile>
    <ClCompile Include="..\ClpDualRowSteepest.cpp">
      <Filter>Source Files</Filter>
    </ClCompile>
    <ClCompile Include="..\ClpDummyMatrix.cpp">
      <Filter>Source Files</Filter>
    </ClCompile>
    <ClCompile Include="..\ClpDynamicExampleMatrix.cpp">
      <Filter>Source Files</Filter>
    </ClCompile>
    <ClCompile Include="..\ClpDynamicMatrix.cpp">
      <Filter>Source Files</Filter>
    </ClCompile>
    <ClCompile Include="..\ClpEventHandler.cpp">
      <Filter>Source Files</Filter>
    </ClCompile>
    <ClCompile Include="..\ClpFactorization.cpp">
      <Filter>Source Files</Filter>
    </ClCompile>
    <ClCompile Include="..\ClpGubDynamicMatrix.cpp">
      <Filter>Source Files</Filter>
    </ClCompile>
    <ClCompile Include="..\ClpGubMatrix.cpp">
      <Filter>Source Files</Filter>
    </ClCompile>
    <ClCompile Include="..\ClpHelperFunctions.cpp">
      <Filter>Source Files</Filter>
    </ClCompile>
    <ClCompile Include="..\ClpInterior.cpp">
      <Filter>Source Files</Filter>
    </ClCompile>
    <ClCompile Include="..\ClpLinearObjective.cpp">
      <Filter>Source Files</Filter>
    </ClCompile>
    <ClCompile Include="..\ClpLsqr.cpp">
      <Filter>Source Files</Filter>
    </ClCompile>
    <ClCompile Include="..\ClpMain.cpp">
      <Filter>Source Files</Filter>
    </ClCompile>
    <ClCompile Include="..\ClpMatrixBase.cpp">
      <Filter>Source Files</Filter>
    </ClCompile>
    <ClCompile Include="..\ClpMessage.cpp">
      <Filter>Source Files</Filter>
    </ClCompile>
    <ClCompile Include="..\ClpModel.cpp">
      <Filter>Source Files</Filter>
    </ClCompile>
    <ClCompile Include="..\ClpNetworkBasis.cpp">
      <Filter>Source Files</Filter>
    </ClCompile>
    <ClCompile Include="..\ClpNetworkMatrix.cpp">
      <Filter>Source Files</Filter>
    </ClCompile>
    <ClCompile Include="..\ClpNode.cpp">
      <Filter>Source Files</Filter>
    </ClCompile>
    <ClCompile Include="..\ClpNonLinearCost.cpp">
      <Filter>Source Files</Filter>
    </ClCompile>
    <ClCompile Include="..\ClpObjective.cpp">
      <Filter>Source Files</Filter>
    </ClCompile>
    <ClCompile Include="..\ClpPackedMatrix.cpp">
      <Filter>Source Files</Filter>
    </ClCompile>
    <ClCompile Include="..\ClpPdco.cpp">
      <Filter>Source Files</Filter>
    </ClCompile>
    <ClCompile Include="..\ClpPdcoBase.cpp">
      <Filter>Source Files</Filter>
    </ClCompile>
    <ClCompile Include="..\ClpPlusMinusOneMatrix.cpp">
      <Filter>Source Files</Filter>
    </ClCompile>
    <ClCompile Include="..\ClpPredictorCorrector.cpp">
      <Filter>Source Files</Filter>
    </ClCompile>
    <ClCompile Include="..\ClpPresolve.cpp">
      <Filter>Source Files</Filter>
    </ClCompile>
    <ClCompile Include="..\ClpPrimalColumnDantzig.cpp">
      <Filter>Source Files</Filter>
    </ClCompile>
    <ClCompile Include="..\ClpPrimalColumnPivot.cpp">
      <Filter>Source Files</Filter>
    </ClCompile>
    <ClCompile Include="..\ClpPrimalColumnSteepest.cpp">
      <Filter>Source Files</Filter>
    </ClCompile>
    <ClCompile Include="..\ClpQuadraticObjective.cpp">
      <Filter>Source Files</Filter>
    </ClCompile>
    <ClCompile Include="..\ClpSimplex.cpp">
      <Filter>Source Files</Filter>
    </ClCompile>
    <ClCompile Include="..\ClpSimplexDual.cpp">
      <Filter>Source Files</Filter>
    </ClCompile>
    <ClCompile Include="..\ClpSimplexNonlinear.cpp">
      <Filter>Source Files</Filter>
    </ClCompile>
    <ClCompile Include="..\ClpSimplexOther.cpp">
      <Filter>Source Files</Filter>
    </ClCompile>
    <ClCompile Include="..\ClpSimplexPrimal.cpp">
      <Filter>Source Files</Filter>
    </ClCompile>
    <ClCompile Include="..\ClpSolve.cpp">
      <Filter>Source Files</Filter>
    </ClCompile>
    <ClCompile Include="..\ClpSolver.cpp">
      <Filter>Source Files</Filter>
    </ClCompile>
    <ClCompile Include="..\CoinAlloc.cpp">
      <Filter>Source Files</Filter>
    </ClCompile>
    <ClCompile Include="..\CoinBuild.cpp">
      <Filter>Source Files</Filter>
    </ClCompile>
    <ClCompile Include="..\CoinDenseFactorization.cpp">
      <Filter>Source Files</Filter>
    </ClCompile>
    <ClCompile Include="..\CoinDenseVector.cpp">
      <Filter>Source Files</Filter>
    </ClCompile>
    <ClCompile Include="..\CoinError.cpp">
      <Filter>Source Files</Filter>
    </ClCompile>
    <ClCompile Include="..\CoinFactorization1.cpp">
      <Filter>Source Files</Filter>
    </ClCompile>
    <ClCompile Include="..\CoinFactorization2.cpp">
      <Filter>Source Files</Filter>
    </ClCompile>
    <ClCompile Include="..\CoinFactorization3.cpp">
      <Filter>Source Files</Filter>
    </ClCompile>
    <ClCompile Include="..\CoinFactorization4.cpp">
      <Filter>Source Files</Filter>
    </ClCompile>
    <ClCompile Include="..\CoinFileIO.cpp">
      <Filter>Source Files</Filter>
    </ClCompile>
    <ClCompile Include="..\CoinFinite.cpp">
      <Filter>Source Files</Filter>
    </ClCompile>
    <ClCompile Include="..\CoinIndexedVector.cpp">
      <Filter>Source Files</Filter>
    </ClCompile>
    <ClCompile Include="..\CoinLpIO.cpp">
      <Filter>Source Files</Filter>
    </ClCompile>
    <ClCompile Include="..\CoinMessage.cpp">
      <Filter>Source Files</Filter>
    </ClCompile>
    <ClCompile Include="..\CoinMessageHandler.cpp">
      <Filter>Source Files</Filter>
    </ClCompile>
    <ClCompile Include="..\CoinModel.cpp">
      <Filter>Source Files</Filter>
    </ClCompile>
    <ClCompile Include="..\CoinModelUseful.cpp">
      <Filter>Source Files</Filter>
    </ClCompile>
    <ClCompile Include="..\CoinModelUseful2.cpp">
      <Filter>Source Files</Filter>
    </ClCompile>
    <ClCompile Include="..\CoinMpsIO.cpp">
      <Filter>Source Files</Filter>
    </ClCompile>
    <ClCompile Include="..\CoinOslFactorization.cpp">
      <Filter>Source Files</Filter>
    </ClCompile>
    <ClCompile Include="..\CoinOslFactorization2.cpp">
      <Filter>Source Files</Filter>
    </ClCompile>
    <ClCompile Include="..\CoinOslFactorization3.cpp">
      <Filter>Source Files</Filter>
    </ClCompile>
    <ClCompile Include="..\CoinPackedMatrix.cpp">
      <Filter>Source Files</Filter>
    </ClCompile>
    <ClCompile Include="..\CoinPackedVector.cpp">
      <Filter>Source Files</Filter>
    </ClCompile>
    <ClCompile Include="..\CoinPackedVectorBase.cpp">
      <Filter>Source Files</Filter>
    </ClCompile>
    <ClCompile Include="..\CoinParam.cpp">
      <Filter>Source Files</Filter>
    </ClCompile>
    <ClCompile Include="..\CoinParamUtils.cpp">
      <Filter>Source Files</Filter>
    </ClCompile>
    <ClCompile Include="..\CoinPostsolveMatrix.cpp">
      <Filter>Source Files</Filter>
    </ClCompile>
    <ClCompile Include="..\CoinPrePostsolveMatrix.cpp">
      <Filter>Source Files</Filter>
    </ClCompile>
    <ClCompile Include="..\CoinPresolveDoubleton.cpp">
      <Filter>Source Files</Filter>
    </ClCompile>
    <ClCompile Include="..\CoinPresolveDual.cpp">
      <Filter>Source Files</Filter>
    </ClCompile>
    <ClCompile Include="..\CoinPresolveDupcol.cpp">
      <Filter>Source Files</Filter>
    </ClCompile>
    <ClCompile Include="..\CoinPresolveEmpty.cpp">
      <Filter>Source Files</Filter>
    </ClCompile>
    <ClCompile Include="..\CoinPresolveFixed.cpp">
      <Filter>Source Files</Filter>
    </ClCompile>
    <ClCompile Include="..\CoinPresolveForcing.cpp">
      <Filter>Source Files</Filter>
    </ClCompile>
    <ClCompile Include="..\CoinPresolveHelperFunctions.cpp">
      <Filter>Source Files</Filter>
    </ClCompile>
    <ClCompile Include="..\CoinPresolveImpliedFree.cpp">
      <Filter>Source Files</Filter>
    </ClCompile>
    <ClCompile Include="..\CoinPresolveIsolated.cpp">
      <Filter>Source Files</Filter>
    </ClCompile>
    <ClCompile Include="..\CoinPresolveMatrix.cpp">
      <Filter>Source Files</Filter>
    </ClCompile>
    <ClCompile Include="..\CoinPresolveMonitor.cpp">
      <Filter>Source Files</Filter>
    </ClCompile>
    <ClCompile Include="..\CoinPresolvePsdebug.cpp">
      <Filter>Source Files</Filter>
    </ClCompile>
    <ClCompile Include="..\CoinPresolveSingleton.cpp">
      <Filter>Source Files</Filter>
    </ClCompile>
    <ClCompile Include="..\CoinPresolveSubst.cpp">
      <Filter>Source Files</Filter>
    </ClCompile>
    <ClCompile Include="..\CoinPresolveTighten.cpp">
      <Filter>Source Files</Filter>
    </ClCompile>
    <ClCompile Include="..\CoinPresolveTripleton.cpp">
      <Filter>Source Files</Filter>
    </ClCompile>
    <ClCompile Include="..\CoinPresolveUseless.cpp">
      <Filter>Source Files</Filter>
    </ClCompile>
    <ClCompile Include="..\CoinPresolveZeros.cpp">
      <Filter>Source Files</Filter>
    </ClCompile>
    <ClCompile Include="..\CoinRational.cpp">
      <Filter>Source Files</Filter>
    </ClCompile>
    <ClCompile Include="..\CoinSearchTree.cpp">
      <Filter>Source Files</Filter>
    </ClCompile>
    <ClCompile Include="..\CoinShallowPackedVector.cpp">
      <Filter>Source Files</Filter>
    </ClCompile>
    <ClCompile Include="..\CoinSimpFactorization.cpp">
      <Filter>Source Files</Filter>
    </ClCompile>
    <ClCompile Include="..\CoinSnapshot.cpp">
      <Filter>Source Files</Filter>
    </ClCompile>
    <ClCompile Include="..\CoinStructuredModel.cpp">
      <Filter>Source Files</Filter>
    </ClCompile>
    <ClCompile Include="..\CoinWarmStartBasis.cpp">
      <Filter>Source Files</Filter>
    </ClCompile>
    <ClCompile Include="..\CoinWarmStartDual.cpp">
      <Filter>Source Files</Filter>
    </ClCompile>
    <ClCompile Include="..\CoinWarmStartPrimalDual.cpp">
      <Filter>Source Files</Filter>
    </ClCompile>
    <ClCompile Include="..\CoinWarmStartVector.cpp">
      <Filter>Source Files</Filter>
    </ClCompile>
    <ClCompile Include="..\Idiot.cpp">
      <Filter>Source Files</Filter>
    </ClCompile>
    <ClCompile Include="..\IdiSolve.cpp">
      <Filter>Source Files</Filter>
    </ClCompile>
  </ItemGroup>
  <ItemGroup>
    <ClInclude Include="..\Clp_ampl.h">
      <Filter>Header Files</Filter>
    </ClInclude>
    <ClInclude Include="..\Clp_C_Interface.h">
      <Filter>Header Files</Filter>
    </ClInclude>
    <ClInclude Include="..\ClpCholeskyBase.hpp">
      <Filter>Header Files</Filter>
    </ClInclude>
    <ClInclude Include="..\ClpCholeskyDense.hpp">
      <Filter>Header Files</Filter>
    </ClInclude>
    <ClInclude Include="..\ClpCholeskyTaucs.hpp">
      <Filter>Header Files</Filter>
    </ClInclude>
    <ClInclude Include="..\ClpConfig.h">
      <Filter>Header Files</Filter>
    </ClInclude>
    <ClInclude Include="..\ClpConstraint.hpp">
      <Filter>Header Files</Filter>
    </ClInclude>
    <ClInclude Include="..\ClpConstraintLinear.hpp">
      <Filter>Header Files</Filter>
    </ClInclude>
    <ClInclude Include="..\ClpConstraintQuadratic.hpp">
      <Filter>Header Files</Filter>
    </ClInclude>
    <ClInclude Include="..\ClpDualRowDantzig.hpp">
      <Filter>Header Files</Filter>
    </ClInclude>
    <ClInclude Include="..\ClpDualRowPivot.hpp">
      <Filter>Header Files</Filter>
    </ClInclude>
    <ClInclude Include="..\ClpDualRowSteepest.hpp">
      <Filter>Header Files</Filter>
    </ClInclude>
    <ClInclude Include="..\ClpDummyMatrix.hpp">
      <Filter>Header Files</Filter>
    </ClInclude>
    <ClInclude Include="..\ClpDynamicExampleMatrix.hpp">
      <Filter>Header Files</Filter>
    </ClInclude>
    <ClInclude Include="..\ClpDynamicMatrix.hpp">
      <Filter>Header Files</Filter>
    </ClInclude>
    <ClInclude Include="..\ClpEventHandler.hpp">
      <Filter>Header Files</Filter>
    </ClInclude>
    <ClInclude Include="..\ClpFactorization.hpp">
      <Filter>Header Files</Filter>
    </ClInclude>
    <ClInclude Include="..\ClpGubDynamicMatrix.hpp">
      <Filter>Header Files</Filter>
    </ClInclude>
    <ClInclude Include="..\ClpGubMatrix.hpp">
      <Filter>Header Files</Filter>
    </ClInclude>
    <ClInclude Include="..\ClpHelperFunctions.hpp">
      <Filter>Header Files</Filter>
    </ClInclude>
    <ClInclude Include="..\ClpInterior.hpp">
      <Filter>Header Files</Filter>
    </ClInclude>
    <ClInclude Include="..\ClpLinearObjective.hpp">
      <Filter>Header Files</Filter>
    </ClInclude>
    <ClInclude Include="..\ClpLsqr.hpp">
      <Filter>Header Files</Filter>
    </ClInclude>
    <ClInclude Include="..\ClpMatrixBase.hpp">
      <Filter>Header Files</Filter>
    </ClInclude>
    <ClInclude Include="..\ClpMessage.hpp">
      <Filter>Header Files</Filter>
    </ClInclude>
    <ClInclude Include="..\ClpModel.hpp">
      <Filter>Header Files</Filter>
    </ClInclude>
    <ClInclude Include="..\ClpNetworkBasis.hpp">
      <Filter>Header Files</Filter>
    </ClInclude>
    <ClInclude Include="..\ClpNetworkMatrix.hpp">
      <Filter>Header Files</Filter>
    </ClInclude>
    <ClInclude Include="..\ClpNode.hpp">
      <Filter>Header Files</Filter>
    </ClInclude>
    <ClInclude Include="..\ClpNonLinearCost.hpp">
      <Filter>Header Files</Filter>
    </ClInclude>
    <ClInclude Include="..\ClpObjective.hpp">
      <Filter>Header Files</Filter>
    </ClInclude>
    <ClInclude Include="..\ClpPackedMatrix.hpp">
      <Filter>Header Files</Filter>
    </ClInclude>
    <ClInclude Include="..\ClpParameters.hpp">
      <Filter>Header Files</Filter>
    </ClInclude>
    <ClInclude Include="..\ClpPdco.hpp">
      <Filter>Header Files</Filter>
    </ClInclude>
    <ClInclude Include="..\ClpPdcoBase.hpp">
      <Filter>Header Files</Filter>
    </ClInclude>
    <ClInclude Include="..\ClpPlusMinusOneMatrix.hpp">
      <Filter>Header Files</Filter>
    </ClInclude>
    <ClInclude Include="..\ClpPredictorCorrector.hpp">
      <Filter>Header Files</Filter>
    </ClInclude>
    <ClInclude Include="..\ClpPresolve.hpp">
      <Filter>Header Files</Filter>
    </ClInclude>
    <ClInclude Include="..\ClpPrimalColumnDantzig.hpp">
      <Filter>Header Files</Filter>
    </ClInclude>
    <ClInclude Include="..\ClpPrimalColumnPivot.hpp">
      <Filter>Header Files</Filter>
    </ClInclude>
    <ClInclude Include="..\ClpPrimalColumnSteepest.hpp">
      <Filter>Header Files</Filter>
    </ClInclude>
    <ClInclude Include="..\ClpPrimalQuadraticDantzig.hpp">
      <Filter>Header Files</Filter>
    </ClInclude>
    <ClInclude Include="..\ClpQuadraticObjective.hpp">
      <Filter>Header Files</Filter>
    </ClInclude>
    <ClInclude Include="..\ClpSimplex.hpp">
      <Filter>Header Files</Filter>
    </ClInclude>
    <ClInclude Include="..\ClpSimplexDual.hpp">
      <Filter>Header Files</Filter>
    </ClInclude>
    <ClInclude Include="..\ClpSimplexNonlinear.hpp">
      <Filter>Header Files</Filter>
    </ClInclude>
    <ClInclude Include="..\ClpSimplexOther.hpp">
      <Filter>Header Files</Filter>
    </ClInclude>
    <ClInclude Include="..\ClpSimplexPrimal.hpp">
      <Filter>Header Files</Filter>
    </ClInclude>
    <ClInclude Include="..\ClpSolve.hpp">
      <Filter>Header Files</Filter>
    </ClInclude>
    <ClInclude Include="..\Coin_C_defines.h">
      <Filter>Header Files</Filter>
    </ClInclude>
    <ClInclude Include="..\CoinAlloc.hpp">
      <Filter>Header Files</Filter>
    </ClInclude>
    <ClInclude Include="..\CoinBuild.hpp">
      <Filter>Header Files</Filter>
    </ClInclude>
    <ClInclude Include="..\CoinDenseFactorization.hpp">
      <Filter>Header Files</Filter>
    </ClInclude>
    <ClInclude Include="..\CoinDenseVector.hpp">
      <Filter>Header Files</Filter>
    </ClInclude>
    <ClInclude Include="..\CoinDistance.hpp">
      <Filter>Header Files</Filter>
    </ClInclude>
    <ClInclude Include="..\CoinError.hpp">
      <Filter>Header Files</Filter>
    </ClInclude>
    <ClInclude Include="..\CoinFactorization.hpp">
      <Filter>Header Files</Filter>
    </ClInclude>
    <ClInclude Include="..\CoinFileIO.hpp">
      <Filter>Header Files</Filter>
    </ClInclude>
    <ClInclude Include="..\CoinFinite.hpp">
      <Filter>Header Files</Filter>
    </ClInclude>
    <ClInclude Include="..\CoinFloatEqual.hpp">
      <Filter>Header Files</Filter>
    </ClInclude>
    <ClInclude Include="..\CoinHelperFunctions.hpp">
      <Filter>Header Files</Filter>
    </ClInclude>
    <ClInclude Include="..\CoinIndexedVector.hpp">
      <Filter>Header Files</Filter>
    </ClInclude>
    <ClInclude Include="..\CoinLpIO.hpp">
      <Filter>Header Files</Filter>
    </ClInclude>
    <ClInclude Include="..\CoinMessage.hpp">
      <Filter>Header Files</Filter>
    </ClInclude>
    <ClInclude Include="..\CoinMessageHandler.hpp">
      <Filter>Header Files</Filter>
    </ClInclude>
    <ClInclude Include="..\CoinModel.hpp">
      <Filter>Header Files</Filter>
    </ClInclude>
    <ClInclude Include="..\CoinModelUseful.hpp">
      <Filter>Header Files</Filter>
    </ClInclude>
    <ClInclude Include="..\CoinMpsIO.hpp">
      <Filter>Header Files</Filter>
    </ClInclude>
    <ClInclude Include="..\CoinOslC.h">
      <Filter>Header Files</Filter>
    </ClInclude>
    <ClInclude Include="..\CoinOslFactorization.hpp">
      <Filter>Header Files</Filter>
    </ClInclude>
    <ClInclude Include="..\CoinPackedMatrix.hpp">
      <Filter>Header Files</Filter>
    </ClInclude>
    <ClInclude Include="..\CoinPackedVector.hpp">
      <Filter>Header Files</Filter>
    </ClInclude>
    <ClInclude Include="..\CoinPackedVectorBase.hpp">
      <Filter>Header Files</Filter>
    </ClInclude>
    <ClInclude Include="..\CoinParam.hpp">
      <Filter>Header Files</Filter>
    </ClInclude>
    <ClInclude Include="..\CoinPragma.hpp">
      <Filter>Header Files</Filter>
    </ClInclude>
    <ClInclude Include="..\CoinPresolveDoubleton.hpp">
      <Filter>Header Files</Filter>
    </ClInclude>
    <ClInclude Include="..\CoinPresolveDual.hpp">
      <Filter>Header Files</Filter>
    </ClInclude>
    <ClInclude Include="..\CoinPresolveDupcol.hpp">
      <Filter>Header Files</Filter>
    </ClInclude>
    <ClInclude Include="..\CoinPresolveEmpty.hpp">
      <Filter>Header Files</Filter>
    </ClInclude>
    <ClInclude Include="..\CoinPresolveFixed.hpp">
      <Filter>Header Files</Filter>
    </ClInclude>
    <ClInclude Include="..\CoinPresolveForcing.hpp">
      <Filter>Header Files</Filter>
    </ClInclude>
    <ClInclude Include="..\CoinPresolveImpliedFree.hpp">
      <Filter>Header Files</Filter>
    </ClInclude>
    <ClInclude Include="..\CoinPresolveIsolated.hpp">
      <Filter>Header Files</Filter>
    </ClInclude>
    <ClInclude Include="..\CoinPresolveMatrix.hpp">
      <Filter>Header Files</Filter>
    </ClInclude>
    <ClInclude Include="..\CoinPresolveMonitor.hpp">
      <Filter>Header Files</Filter>
    </ClInclude>
    <ClInclude Include="..\CoinPresolvePsdebug.hpp">
      <Filter>Header Files</Filter>
    </ClInclude>
    <ClInclude Include="..\CoinPresolveSingleton.hpp">
      <Filter>Header Files</Filter>
    </ClInclude>
    <ClInclude Include="..\CoinPresolveSubst.hpp">
      <Filter>Header Files</Filter>
    </ClInclude>
    <ClInclude Include="..\CoinPresolveTighten.hpp">
      <Filter>Header Files</Filter>
    </ClInclude>
    <ClInclude Include="..\CoinPresolveTripleton.hpp">
      <Filter>Header Files</Filter>
    </ClInclude>
    <ClInclude Include="..\CoinPresolveUseless.hpp">
      <Filter>Header Files</Filter>
    </ClInclude>
    <ClInclude Include="..\CoinPresolveZeros.hpp">
      <Filter>Header Files</Filter>
    </ClInclude>
    <ClInclude Include="..\CoinRational.hpp">
      <Filter>Header Files</Filter>
    </ClInclude>
    <ClInclude Include="..\CoinSearchTree.hpp">
      <Filter>Header Files</Filter>
    </ClInclude>
    <ClInclude Include="..\CoinShallowPackedVector.hpp">
      <Filter>Header Files</Filter>
    </ClInclude>
    <ClInclude Include="..\CoinSignal.hpp">
      <Filter>Header Files</Filter>
    </ClInclude>
    <ClInclude Include="..\CoinSimpFactorization.hpp">
      <Filter>Header Files</Filter>
    </ClInclude>
    <ClInclude Include="..\CoinSmartPtr.hpp">
      <Filter>Header Files</Filter>
    </ClInclude>
    <ClInclude Include="..\CoinSnapshot.hpp">
      <Filter>Header Files</Filter>
    </ClInclude>
    <ClInclude Include="..\CoinSort.hpp">
      <Filter>Header Files</Filter>
    </ClInclude>
    <ClInclude Include="..\CoinStructuredModel.hpp">
      <Filter>Header Files</Filter>
    </ClInclude>
    <ClInclude Include="..\CoinTime.hpp">
      <Filter>Header Files</Filter>
    </ClInclude>
    <ClInclude Include="..\CoinTypes.hpp">
      <Filter>Header Files</Filter>
    </ClInclude>
    <ClInclude Include="..\CoinUtility.hpp">
      <Filter>Header Files</Filter>
    </ClInclude>
    <ClInclude Include="..\CoinUtilsConfig.h">
      <Filter>Header Files</Filter>
    </ClInclude>
    <ClInclude Include="..\CoinWarmStart.hpp">
      <Filter>Header Files</Filter>
    </ClInclude>
    <ClInclude Include="..\CoinWarmStartBasis.hpp">
      <Filter>Header Files</Filter>
    </ClInclude>
    <ClInclude Include="..\CoinWarmStartDual.hpp">
      <Filter>Header Files</Filter>
    </ClInclude>
    <ClInclude Include="..\CoinWarmStartPrimalDual.hpp">
      <Filter>Header Files</Filter>
    </ClInclude>
    <ClInclude Include="..\CoinWarmStartVector.hpp">
      <Filter>Header Files</Filter>
    </ClInclude>
    <ClInclude Include="..\config_clp_default.h">
      <Filter>Header Files</Filter>
    </ClInclude>
    <ClInclude Include="..\config_coinutils_default.h">
      <Filter>Header Files</Filter>
    </ClInclude>
    <ClInclude Include="..\config_default.h">
      <Filter>Header Files</Filter>
    </ClInclude>
    <ClInclude Include="..\configall_system.h">
      <Filter>Header Files</Filter>
    </ClInclude>
    <ClInclude Include="..\configall_system_msc.h">
      <Filter>Header Files</Filter>
    </ClInclude>
    <ClInclude Include="..\Idiot.hpp">
      <Filter>Header Files</Filter>
    </ClInclude>
    <ClInclude Include="..\ClpCholeskyWssmp.hpp">
      <Filter>Header Files</Filter>
    </ClInclude>
    <ClInclude Include="..\ClpCholeskyWssmpKKT.hpp">
      <Filter>Header Files</Filter>
    </ClInclude>
  </ItemGroup>
</Project>