<?xml version="1.0" encoding="utf-8"?>
<Project ToolsVersion="4.0" xmlns="http://schemas.microsoft.com/developer/msbuild/2003">
  <ItemGroup>
    <Filter Include="Header Files">
      <UniqueIdentifier>{d9a6a19e-6b0e-4a0b-a8ee-19c9bf5c99b3}</UniqueIdentifier>
    </Filter>
    <Filter Include="Source Files">
      <UniqueIdentifier>{1882e0bb-6032-4771-9e7a-1f21188a32bd}</UniqueIdentifier>
    </Filter>
  </ItemGroup>
  <ItemGroup>
    <ClInclude Include="PantherSlave.h">
      <Filter>Header Files</Filter>
    </ClInclude>
    <ClInclude Include="RunManagerPanther.h">
      <Filter>Header Files</Filter>
    </ClInclude>
  </ItemGroup>
  <ItemGroup>
    <ClCompile Include="PantherSlave.cpp">
      <Filter>Source Files</Filter>
    </ClCompile>
    <ClCompile Include="RunManagerPanther.cpp">
      <Filter>Source Files</Filter>
    </ClCompile>
  </ItemGroup>
</Project>