Microsoft Visual Studio Solution File, Format Version 12.00
# Visual Studio Version 16
VisualStudioVersion = 16.0.29215.179
MinimumVisualStudioVersion = 10.0.40219.1
Project("{2150E333-8FDC-42A3-9474-1A3956D46DE8}") = "utilities", "utilities", "{348A41E4-80F6-4B7C-AC48-DBD6BF7FB25D}"
EndProject
Project("{8BC9CEB8-8B4A-11D0-8D11-00A0C91BC942}") = "common_intel", "libs\common\common_intel.vcxproj", "{0193689C-8ED2-4DCA-9389-5D233739B1F0}"
EndProject
Project("{8BC9CEB8-8B4A-11D0-8D11-00A0C91BC942}") = "pestpp_common_intel", "libs\pestpp_common\pestpp_common_intel.vcxproj", "{D25CC810-E9E9-4920-82A4-6F585214480E}"
	ProjectSection(ProjectDependencies) = postProject
		{12BD8598-769B-4078-8254-3032632CDE71} = {12BD8598-769B-4078-8254-3032632CDE71}
		{0193689C-8ED2-4DCA-9389-5D233739B1F0} = {0193689C-8ED2-4DCA-9389-5D233739B1F0}
		{BAE973DE-66EB-4F44-A6B4-FFBCC8BEF530} = {BAE973DE-66EB-4F44-A6B4-FFBCC8BEF530}
	EndProjectSection
EndProject
Project("{2150E333-8FDC-42A3-9474-1A3956D46DE8}") = "libs", "libs", "{11BD8BB1-91CC-4668-A525-068BC6F29F3C}"
EndProject
Project("{2150E333-8FDC-42A3-9474-1A3956D46DE8}") = "run_managers", "run_managers", "{77F56848-1D75-402B-BB6B-09A9D3B4E747}"
EndProject
Project("{2150E333-8FDC-42A3-9474-1A3956D46DE8}") = "programs", "programs", "{39DF6EBF-E044-4F28-9331-47D83A4AE2FA}"
EndProject
Project("{8BC9CEB8-8B4A-11D0-8D11-00A0C91BC942}") = "yamr", "libs\run_managers\yamr\yamr_intel.vcxproj", "{AA6E1EC6-2E3D-42EE-B997-2F40814DD2C9}"
	ProjectSection(ProjectDependencies) = postProject
		{14A6DF17-84E7-47DA-88B4-4BC684768222} = {14A6DF17-84E7-47DA-88B4-4BC684768222}
		{0193689C-8ED2-4DCA-9389-5D233739B1F0} = {0193689C-8ED2-4DCA-9389-5D233739B1F0}
		{BAE973DE-66EB-4F44-A6B4-FFBCC8BEF530} = {BAE973DE-66EB-4F44-A6B4-FFBCC8BEF530}
	EndProjectSection
EndProject
Project("{8BC9CEB8-8B4A-11D0-8D11-00A0C91BC942}") = "abstract_base_intel", "libs\run_managers\abstract_base\abstract_base_intel.vcxproj", "{BAE973DE-66EB-4F44-A6B4-FFBCC8BEF530}"
	ProjectSection(ProjectDependencies) = postProject
		{14A6DF17-84E7-47DA-88B4-4BC684768222} = {14A6DF17-84E7-47DA-88B4-4BC684768222}
		{0193689C-8ED2-4DCA-9389-5D233739B1F0} = {0193689C-8ED2-4DCA-9389-5D233739B1F0}
	EndProjectSection
EndProject
Project("{8BC9CEB8-8B4A-11D0-8D11-00A0C91BC942}") = "serial_intel", "libs\run_managers\serial\serial_intel.vcxproj", "{07650FA3-AEB1-4A11-90A8-D7E0E50C450F}"
	ProjectSection(ProjectDependencies) = postProject
		{14A6DF17-84E7-47DA-88B4-4BC684768222} = {14A6DF17-84E7-47DA-88B4-4BC684768222}
		{0193689C-8ED2-4DCA-9389-5D233739B1F0} = {0193689C-8ED2-4DCA-9389-5D233739B1F0}
		{BAE973DE-66EB-4F44-A6B4-FFBCC8BEF530} = {BAE973DE-66EB-4F44-A6B4-FFBCC8BEF530}
	EndProjectSection
EndProject
Project("{8BC9CEB8-8B4A-11D0-8D11-00A0C91BC942}") = "external_intel", "libs\run_managers\external\external_intel.vcxproj", "{3A6E883D-3DFD-4BCA-A11B-9BF31A62AF87}"
	ProjectSection(ProjectDependencies) = postProject
		{14A6DF17-84E7-47DA-88B4-4BC684768222} = {14A6DF17-84E7-47DA-88B4-4BC684768222}
		{0193689C-8ED2-4DCA-9389-5D233739B1F0} = {0193689C-8ED2-4DCA-9389-5D233739B1F0}
		{BAE973DE-66EB-4F44-A6B4-FFBCC8BEF530} = {BAE973DE-66EB-4F44-A6B4-FFBCC8BEF530}
	EndProjectSection
EndProject
Project("{6989167D-11E4-40FE-8C1A-2192A86A7E90}") = "pestpp-pso", "programs\pestpp-pso\pestpp-pso.vfproj", "{2A840354-4E35-49DA-8A0A-6B78FE4FBD94}"
	ProjectSection(ProjectDependencies) = postProject
		{D25CC810-E9E9-4920-82A4-6F585214480E} = {D25CC810-E9E9-4920-82A4-6F585214480E}
		{14A6DF17-84E7-47DA-88B4-4BC684768222} = {14A6DF17-84E7-47DA-88B4-4BC684768222}
		{3A6E883D-3DFD-4BCA-A11B-9BF31A62AF87} = {3A6E883D-3DFD-4BCA-A11B-9BF31A62AF87}
		{0193689C-8ED2-4DCA-9389-5D233739B1F0} = {0193689C-8ED2-4DCA-9389-5D233739B1F0}
		{07650FA3-AEB1-4A11-90A8-D7E0E50C450F} = {07650FA3-AEB1-4A11-90A8-D7E0E50C450F}
		{AA6E1EC6-2E3D-42EE-B997-2F40814DD2C9} = {AA6E1EC6-2E3D-42EE-B997-2F40814DD2C9}
		{BAE973DE-66EB-4F44-A6B4-FFBCC8BEF530} = {BAE973DE-66EB-4F44-A6B4-FFBCC8BEF530}
		{8FB63DFE-0AFA-4755-96E0-F22C403D36C1} = {8FB63DFE-0AFA-4755-96E0-F22C403D36C1}
	EndProjectSection
EndProject
Project("{8BC9CEB8-8B4A-11D0-8D11-00A0C91BC942}") = "wrappers_intel", "libs\run_managers\wrappers\wrappers_intel.vcxproj", "{8FB63DFE-0AFA-4755-96E0-F22C403D36C1}"
EndProject
Project("{8BC9CEB8-8B4A-11D0-8D11-00A0C91BC942}") = "libopt_intel", "libs\opt\libopt\libopt_intel.vcxproj", "{12BD8598-769B-4078-8254-3032632CDE71}"
EndProject
Project("{8BC9CEB8-8B4A-11D0-8D11-00A0C91BC942}") = "pestpp-opt_intel", "programs\pestpp-opt\pestpp-opt_intel.vcxproj", "{5F664CD3-FF31-4B38-ADFC-55FE7DC11258}"
	ProjectSection(ProjectDependencies) = postProject
		{D25CC810-E9E9-4920-82A4-6F585214480E} = {D25CC810-E9E9-4920-82A4-6F585214480E}
		{14A6DF17-84E7-47DA-88B4-4BC684768222} = {14A6DF17-84E7-47DA-88B4-4BC684768222}
		{C99FF120-0C40-4ACB-A3D8-A7E86E90EC0B} = {C99FF120-0C40-4ACB-A3D8-A7E86E90EC0B}
		{3A6E883D-3DFD-4BCA-A11B-9BF31A62AF87} = {3A6E883D-3DFD-4BCA-A11B-9BF31A62AF87}
		{12BD8598-769B-4078-8254-3032632CDE71} = {12BD8598-769B-4078-8254-3032632CDE71}
		{0193689C-8ED2-4DCA-9389-5D233739B1F0} = {0193689C-8ED2-4DCA-9389-5D233739B1F0}
		{07650FA3-AEB1-4A11-90A8-D7E0E50C450F} = {07650FA3-AEB1-4A11-90A8-D7E0E50C450F}
		{AA6E1EC6-2E3D-42EE-B997-2F40814DD2C9} = {AA6E1EC6-2E3D-42EE-B997-2F40814DD2C9}
		{BAE973DE-66EB-4F44-A6B4-FFBCC8BEF530} = {BAE973DE-66EB-4F44-A6B4-FFBCC8BEF530}
		{8FB63DFE-0AFA-4755-96E0-F22C403D36C1} = {8FB63DFE-0AFA-4755-96E0-F22C403D36C1}
	EndProjectSection
EndProject
Project("{8BC9CEB8-8B4A-11D0-8D11-00A0C91BC942}") = "pestpp-ies_intel", "programs\pestpp-ies\pestpp-ies_intel.vcxproj", "{FAB19272-07D7-469B-BFA5-BA03DAD4854E}"
	ProjectSection(ProjectDependencies) = postProject
		{D25CC810-E9E9-4920-82A4-6F585214480E} = {D25CC810-E9E9-4920-82A4-6F585214480E}
		{14A6DF17-84E7-47DA-88B4-4BC684768222} = {14A6DF17-84E7-47DA-88B4-4BC684768222}
		{C99FF120-0C40-4ACB-A3D8-A7E86E90EC0B} = {C99FF120-0C40-4ACB-A3D8-A7E86E90EC0B}
		{3A6E883D-3DFD-4BCA-A11B-9BF31A62AF87} = {3A6E883D-3DFD-4BCA-A11B-9BF31A62AF87}
		{0193689C-8ED2-4DCA-9389-5D233739B1F0} = {0193689C-8ED2-4DCA-9389-5D233739B1F0}
		{07650FA3-AEB1-4A11-90A8-D7E0E50C450F} = {07650FA3-AEB1-4A11-90A8-D7E0E50C450F}
		{AA6E1EC6-2E3D-42EE-B997-2F40814DD2C9} = {AA6E1EC6-2E3D-42EE-B997-2F40814DD2C9}
		{BAE973DE-66EB-4F44-A6B4-FFBCC8BEF530} = {BAE973DE-66EB-4F44-A6B4-FFBCC8BEF530}
		{8FB63DFE-0AFA-4755-96E0-F22C403D36C1} = {8FB63DFE-0AFA-4755-96E0-F22C403D36C1}
	EndProjectSection
EndProject
Project("{8BC9CEB8-8B4A-11D0-8D11-00A0C91BC942}") = "gsa_intel", "programs\gsa\gsa_intel.vcxproj", "{6A06863A-CE81-419E-B351-C155346ED91B}"
	ProjectSection(ProjectDependencies) = postProject
		{D25CC810-E9E9-4920-82A4-6F585214480E} = {D25CC810-E9E9-4920-82A4-6F585214480E}
		{14A6DF17-84E7-47DA-88B4-4BC684768222} = {14A6DF17-84E7-47DA-88B4-4BC684768222}
		{C99FF120-0C40-4ACB-A3D8-A7E86E90EC0B} = {C99FF120-0C40-4ACB-A3D8-A7E86E90EC0B}
		{3A6E883D-3DFD-4BCA-A11B-9BF31A62AF87} = {3A6E883D-3DFD-4BCA-A11B-9BF31A62AF87}
		{12BD8598-769B-4078-8254-3032632CDE71} = {12BD8598-769B-4078-8254-3032632CDE71}
		{0193689C-8ED2-4DCA-9389-5D233739B1F0} = {0193689C-8ED2-4DCA-9389-5D233739B1F0}
		{07650FA3-AEB1-4A11-90A8-D7E0E50C450F} = {07650FA3-AEB1-4A11-90A8-D7E0E50C450F}
		{AA6E1EC6-2E3D-42EE-B997-2F40814DD2C9} = {AA6E1EC6-2E3D-42EE-B997-2F40814DD2C9}
		{BAE973DE-66EB-4F44-A6B4-FFBCC8BEF530} = {BAE973DE-66EB-4F44-A6B4-FFBCC8BEF530}
		{8FB63DFE-0AFA-4755-96E0-F22C403D36C1} = {8FB63DFE-0AFA-4755-96E0-F22C403D36C1}
	EndProjectSection
EndProject
Project("{8BC9CEB8-8B4A-11D0-8D11-00A0C91BC942}") = "pest++_intel", "programs\pest++\pest++_intel.vcxproj", "{A0643DEC-260B-41CB-BABC-902BB9259A08}"
	ProjectSection(ProjectDependencies) = postProject
		{D25CC810-E9E9-4920-82A4-6F585214480E} = {D25CC810-E9E9-4920-82A4-6F585214480E}
		{14A6DF17-84E7-47DA-88B4-4BC684768222} = {14A6DF17-84E7-47DA-88B4-4BC684768222}
		{C99FF120-0C40-4ACB-A3D8-A7E86E90EC0B} = {C99FF120-0C40-4ACB-A3D8-A7E86E90EC0B}
		{3A6E883D-3DFD-4BCA-A11B-9BF31A62AF87} = {3A6E883D-3DFD-4BCA-A11B-9BF31A62AF87}
		{12BD8598-769B-4078-8254-3032632CDE71} = {12BD8598-769B-4078-8254-3032632CDE71}
		{0193689C-8ED2-4DCA-9389-5D233739B1F0} = {0193689C-8ED2-4DCA-9389-5D233739B1F0}
		{07650FA3-AEB1-4A11-90A8-D7E0E50C450F} = {07650FA3-AEB1-4A11-90A8-D7E0E50C450F}
		{AA6E1EC6-2E3D-42EE-B997-2F40814DD2C9} = {AA6E1EC6-2E3D-42EE-B997-2F40814DD2C9}
		{BAE973DE-66EB-4F44-A6B4-FFBCC8BEF530} = {BAE973DE-66EB-4F44-A6B4-FFBCC8BEF530}
		{8FB63DFE-0AFA-4755-96E0-F22C403D36C1} = {8FB63DFE-0AFA-4755-96E0-F22C403D36C1}
	EndProjectSection
EndProject
Project("{6989167D-11E4-40FE-8C1A-2192A86A7E90}") = "mio_intel", "libs\mio\mio_intel.vfproj", "{14A6DF17-84E7-47DA-88B4-4BC684768222}"
EndProject
Project("{6989167D-11E4-40FE-8C1A-2192A86A7E90}") = "propack_intel", "libs\propack\propack_intel.vfproj", "{C99FF120-0C40-4ACB-A3D8-A7E86E90EC0B}"
EndProject
Project("{8BC9CEB8-8B4A-11D0-8D11-00A0C91BC942}") = "sweep_intel", "programs\sweep\sweep_intel.vcxproj", "{63533FBF-E5E5-4853-90D5-C44130C9A823}"
	ProjectSection(ProjectDependencies) = postProject
		{D25CC810-E9E9-4920-82A4-6F585214480E} = {D25CC810-E9E9-4920-82A4-6F585214480E}
		{14A6DF17-84E7-47DA-88B4-4BC684768222} = {14A6DF17-84E7-47DA-88B4-4BC684768222}
		{C99FF120-0C40-4ACB-A3D8-A7E86E90EC0B} = {C99FF120-0C40-4ACB-A3D8-A7E86E90EC0B}
		{3A6E883D-3DFD-4BCA-A11B-9BF31A62AF87} = {3A6E883D-3DFD-4BCA-A11B-9BF31A62AF87}
		{12BD8598-769B-4078-8254-3032632CDE71} = {12BD8598-769B-4078-8254-3032632CDE71}
		{0193689C-8ED2-4DCA-9389-5D233739B1F0} = {0193689C-8ED2-4DCA-9389-5D233739B1F0}
		{07650FA3-AEB1-4A11-90A8-D7E0E50C450F} = {07650FA3-AEB1-4A11-90A8-D7E0E50C450F}
		{AA6E1EC6-2E3D-42EE-B997-2F40814DD2C9} = {AA6E1EC6-2E3D-42EE-B997-2F40814DD2C9}
		{BAE973DE-66EB-4F44-A6B4-FFBCC8BEF530} = {BAE973DE-66EB-4F44-A6B4-FFBCC8BEF530}
		{8FB63DFE-0AFA-4755-96E0-F22C403D36C1} = {8FB63DFE-0AFA-4755-96E0-F22C403D36C1}
	EndProjectSection
EndProject
Global
	GlobalSection(SolutionConfigurationPlatforms) = preSolution
		Debug|x64 = Debug|x64
		Release|x64 = Release|x64
	EndGlobalSection
	GlobalSection(ProjectConfigurationPlatforms) = postSolution
		{0193689C-8ED2-4DCA-9389-5D233739B1F0}.Debug|x64.ActiveCfg = Debug|x64
		{0193689C-8ED2-4DCA-9389-5D233739B1F0}.Debug|x64.Build.0 = Debug|x64
		{0193689C-8ED2-4DCA-9389-5D233739B1F0}.Release|x64.ActiveCfg = Release|x64
		{0193689C-8ED2-4DCA-9389-5D233739B1F0}.Release|x64.Build.0 = Release|x64
		{D25CC810-E9E9-4920-82A4-6F585214480E}.Debug|x64.ActiveCfg = Debug|x64
		{D25CC810-E9E9-4920-82A4-6F585214480E}.Debug|x64.Build.0 = Debug|x64
		{D25CC810-E9E9-4920-82A4-6F585214480E}.Release|x64.ActiveCfg = Release|x64
		{D25CC810-E9E9-4920-82A4-6F585214480E}.Release|x64.Build.0 = Release|x64
		{AA6E1EC6-2E3D-42EE-B997-2F40814DD2C9}.Debug|x64.ActiveCfg = Debug|x64
		{AA6E1EC6-2E3D-42EE-B997-2F40814DD2C9}.Debug|x64.Build.0 = Debug|x64
		{AA6E1EC6-2E3D-42EE-B997-2F40814DD2C9}.Release|x64.ActiveCfg = Release|x64
		{AA6E1EC6-2E3D-42EE-B997-2F40814DD2C9}.Release|x64.Build.0 = Release|x64
		{BAE973DE-66EB-4F44-A6B4-FFBCC8BEF530}.Debug|x64.ActiveCfg = Debug|x64
		{BAE973DE-66EB-4F44-A6B4-FFBCC8BEF530}.Debug|x64.Build.0 = Debug|x64
		{BAE973DE-66EB-4F44-A6B4-FFBCC8BEF530}.Release|x64.ActiveCfg = Release|x64
		{BAE973DE-66EB-4F44-A6B4-FFBCC8BEF530}.Release|x64.Build.0 = Release|x64
		{07650FA3-AEB1-4A11-90A8-D7E0E50C450F}.Debug|x64.ActiveCfg = Debug|x64
		{07650FA3-AEB1-4A11-90A8-D7E0E50C450F}.Debug|x64.Build.0 = Debug|x64
		{07650FA3-AEB1-4A11-90A8-D7E0E50C450F}.Release|x64.ActiveCfg = Release|x64
		{07650FA3-AEB1-4A11-90A8-D7E0E50C450F}.Release|x64.Build.0 = Release|x64
		{3A6E883D-3DFD-4BCA-A11B-9BF31A62AF87}.Debug|x64.ActiveCfg = Debug|x64
		{3A6E883D-3DFD-4BCA-A11B-9BF31A62AF87}.Debug|x64.Build.0 = Debug|x64
		{3A6E883D-3DFD-4BCA-A11B-9BF31A62AF87}.Release|x64.ActiveCfg = Release|x64
		{3A6E883D-3DFD-4BCA-A11B-9BF31A62AF87}.Release|x64.Build.0 = Release|x64
		{2A840354-4E35-49DA-8A0A-6B78FE4FBD94}.Debug|x64.ActiveCfg = Debug|x64
		{2A840354-4E35-49DA-8A0A-6B78FE4FBD94}.Debug|x64.Build.0 = Debug|x64
		{2A840354-4E35-49DA-8A0A-6B78FE4FBD94}.Release|x64.ActiveCfg = Release|x64
		{8FB63DFE-0AFA-4755-96E0-F22C403D36C1}.Debug|x64.ActiveCfg = Debug|x64
		{8FB63DFE-0AFA-4755-96E0-F22C403D36C1}.Debug|x64.Build.0 = Debug|x64
		{8FB63DFE-0AFA-4755-96E0-F22C403D36C1}.Release|x64.ActiveCfg = Release|x64
		{8FB63DFE-0AFA-4755-96E0-F22C403D36C1}.Release|x64.Build.0 = Release|x64
		{12BD8598-769B-4078-8254-3032632CDE71}.Debug|x64.ActiveCfg = Debug|x64
		{12BD8598-769B-4078-8254-3032632CDE71}.Debug|x64.Build.0 = Debug|x64
		{12BD8598-769B-4078-8254-3032632CDE71}.Release|x64.ActiveCfg = Release|x64
		{12BD8598-769B-4078-8254-3032632CDE71}.Release|x64.Build.0 = Release|x64
		{5F664CD3-FF31-4B38-ADFC-55FE7DC11258}.Debug|x64.ActiveCfg = Debug|x64
		{5F664CD3-FF31-4B38-ADFC-55FE7DC11258}.Debug|x64.Build.0 = Debug|x64
		{5F664CD3-FF31-4B38-ADFC-55FE7DC11258}.Release|x64.ActiveCfg = Release|x64
		{5F664CD3-FF31-4B38-ADFC-55FE7DC11258}.Release|x64.Build.0 = Release|x64
		{FAB19272-07D7-469B-BFA5-BA03DAD4854E}.Debug|x64.ActiveCfg = Debug|x64
		{FAB19272-07D7-469B-BFA5-BA03DAD4854E}.Debug|x64.Build.0 = Debug|x64
		{FAB19272-07D7-469B-BFA5-BA03DAD4854E}.Release|x64.ActiveCfg = Release|x64
		{FAB19272-07D7-469B-BFA5-BA03DAD4854E}.Release|x64.Build.0 = Release|x64
		{6A06863A-CE81-419E-B351-C155346ED91B}.Debug|x64.ActiveCfg = Debug|x64
		{6A06863A-CE81-419E-B351-C155346ED91B}.Debug|x64.Build.0 = Debug|x64
		{6A06863A-CE81-419E-B351-C155346ED91B}.Release|x64.ActiveCfg = Release|x64
		{6A06863A-CE81-419E-B351-C155346ED91B}.Release|x64.Build.0 = Release|x64
		{A0643DEC-260B-41CB-BABC-902BB9259A08}.Debug|x64.ActiveCfg = Debug|x64
		{A0643DEC-260B-41CB-BABC-902BB9259A08}.Debug|x64.Build.0 = Debug|x64
		{A0643DEC-260B-41CB-BABC-902BB9259A08}.Release|x64.ActiveCfg = Release|x64
		{A0643DEC-260B-41CB-BABC-902BB9259A08}.Release|x64.Build.0 = Release|x64
		{14A6DF17-84E7-47DA-88B4-4BC684768222}.Debug|x64.ActiveCfg = Debug|x64
		{14A6DF17-84E7-47DA-88B4-4BC684768222}.Debug|x64.Build.0 = Debug|x64
		{14A6DF17-84E7-47DA-88B4-4BC684768222}.Release|x64.ActiveCfg = Release|x64
		{C99FF120-0C40-4ACB-A3D8-A7E86E90EC0B}.Debug|x64.ActiveCfg = Debug|x64
		{C99FF120-0C40-4ACB-A3D8-A7E86E90EC0B}.Debug|x64.Build.0 = Debug|x64
		{C99FF120-0C40-4ACB-A3D8-A7E86E90EC0B}.Release|x64.ActiveCfg = Release|x64
		{63533FBF-E5E5-4853-90D5-C44130C9A823}.Debug|x64.ActiveCfg = Debug|x64
		{63533FBF-E5E5-4853-90D5-C44130C9A823}.Debug|x64.Build.0 = Debug|x64
		{63533FBF-E5E5-4853-90D5-C44130C9A823}.Release|x64.ActiveCfg = Release|x64
		{63533FBF-E5E5-4853-90D5-C44130C9A823}.Release|x64.Build.0 = Release|x64
	EndGlobalSection
	GlobalSection(SolutionProperties) = preSolution
		HideSolutionNode = FALSE
	EndGlobalSection
	GlobalSection(NestedProjects) = preSolution
		{0193689C-8ED2-4DCA-9389-5D233739B1F0} = {11BD8BB1-91CC-4668-A525-068BC6F29F3C}
		{D25CC810-E9E9-4920-82A4-6F585214480E} = {11BD8BB1-91CC-4668-A525-068BC6F29F3C}
		{77F56848-1D75-402B-BB6B-09A9D3B4E747} = {11BD8BB1-91CC-4668-A525-068BC6F29F3C}
		{AA6E1EC6-2E3D-42EE-B997-2F40814DD2C9} = {77F56848-1D75-402B-BB6B-09A9D3B4E747}
		{BAE973DE-66EB-4F44-A6B4-FFBCC8BEF530} = {77F56848-1D75-402B-BB6B-09A9D3B4E747}
		{07650FA3-AEB1-4A11-90A8-D7E0E50C450F} = {77F56848-1D75-402B-BB6B-09A9D3B4E747}
		{3A6E883D-3DFD-4BCA-A11B-9BF31A62AF87} = {77F56848-1D75-402B-BB6B-09A9D3B4E747}
		{2A840354-4E35-49DA-8A0A-6B78FE4FBD94} = {39DF6EBF-E044-4F28-9331-47D83A4AE2FA}
		{8FB63DFE-0AFA-4755-96E0-F22C403D36C1} = {77F56848-1D75-402B-BB6B-09A9D3B4E747}
		{12BD8598-769B-4078-8254-3032632CDE71} = {11BD8BB1-91CC-4668-A525-068BC6F29F3C}
		{5F664CD3-FF31-4B38-ADFC-55FE7DC11258} = {39DF6EBF-E044-4F28-9331-47D83A4AE2FA}
		{FAB19272-07D7-469B-BFA5-BA03DAD4854E} = {39DF6EBF-E044-4F28-9331-47D83A4AE2FA}
		{6A06863A-CE81-419E-B351-C155346ED91B} = {39DF6EBF-E044-4F28-9331-47D83A4AE2FA}
		{A0643DEC-260B-41CB-BABC-902BB9259A08} = {39DF6EBF-E044-4F28-9331-47D83A4AE2FA}
		{14A6DF17-84E7-47DA-88B4-4BC684768222} = {11BD8BB1-91CC-4668-A525-068BC6F29F3C}
		{C99FF120-0C40-4ACB-A3D8-A7E86E90EC0B} = {11BD8BB1-91CC-4668-A525-068BC6F29F3C}
		{63533FBF-E5E5-4853-90D5-C44130C9A823} = {39DF6EBF-E044-4F28-9331-47D83A4AE2FA}
	EndGlobalSection
	GlobalSection(ExtensibilityGlobals) = postSolution
		SolutionGuid = {9C49E760-6F78-44B4-8D7C-4481BBEBED9F}
	EndGlobalSection
EndGlobal
