Microsoft Visual Studio Solution File, Format Version 12.00
# Visual Studio Version 16
VisualStudioVersion = 16.0.29215.179
MinimumVisualStudioVersion = 10.0.40219.1
Project("{2150E333-8FDC-42A3-9474-1A3956D46DE8}") = "utilities", "utilities", "{348A41E4-80F6-4B7C-AC48-DBD6BF7FB25D}"
EndProject
Project("{8BC9CEB8-8B4A-11D0-8D11-00A0C91BC942}") = "common", "libs\common\common.vcxproj", "{0193689C-8ED2-4DCA-9389-5D233739B1F0}"
EndProject
Project("{6989167D-11E4-40FE-8C1A-2192A86A7E90}") = "mio", "libs\mio\mio.vfproj", "{14A6DF17-84E7-47DA-88B4-4BC684768222}"
	ProjectSection(ProjectDependencies) = postProject
		{0193689C-8ED2-4DCA-9389-5D233739B1F0} = {0193689C-8ED2-4DCA-9389-5D233739B1F0}
	EndProjectSection
EndProject
Project("{8BC9CEB8-8B4A-11D0-8D11-00A0C91BC942}") = "pestpp_common", "libs\pestpp_common\pestpp_common.vcxproj", "{D25CC810-E9E9-4920-82A4-6F585214480E}"
	ProjectSection(ProjectDependencies) = postProject
		{12BD8598-769B-4078-8254-3032632CDE71} = {12BD8598-769B-4078-8254-3032632CDE71}
		{0193689C-8ED2-4DCA-9389-5D233739B1F0} = {0193689C-8ED2-4DCA-9389-5D233739B1F0}
		{BAE973DE-66EB-4F44-A6B4-FFBCC8BEF530} = {BAE973DE-66EB-4F44-A6B4-FFBCC8BEF530}
	EndProjectSection
EndProject
Project("{6989167D-11E4-40FE-8C1A-2192A86A7E90}") = "propack", "libs\propack\propack.vfproj", "{C99FF120-0C40-4ACB-A3D8-A7E86E90EC0B}"
EndProject
Project("{2150E333-8FDC-42A3-9474-1A3956D46DE8}") = "libs", "libs", "{11BD8BB1-91CC-4668-A525-068BC6F29F3C}"
EndProject
Project("{2150E333-8FDC-42A3-9474-1A3956D46DE8}") = "run_managers", "run_managers", "{77F56848-1D75-402B-BB6B-09A9D3B4E747}"
EndProject
Project("{2150E333-8FDC-42A3-9474-1A3956D46DE8}") = "programs", "programs", "{39DF6EBF-E044-4F28-9331-47D83A4AE2FA}"
EndProject
Project("{8BC9CEB8-8B4A-11D0-8D11-00A0C91BC942}") = "pest++", "programs\pest++\pest++.vcxproj", "{38231990-B7FE-469D-9DCD-C588D81163E3}"
	ProjectSection(ProjectDependencies) = postProject
		{D25CC810-E9E9-4920-82A4-6F585214480E} = {D25CC810-E9E9-4920-82A4-6F585214480E}
		{14A6DF17-84E7-47DA-88B4-4BC684768222} = {14A6DF17-84E7-47DA-88B4-4BC684768222}
		{C99FF120-0C40-4ACB-A3D8-A7E86E90EC0B} = {C99FF120-0C40-4ACB-A3D8-A7E86E90EC0B}
		{3A6E883D-3DFD-4BCA-A11B-9BF31A62AF87} = {3A6E883D-3DFD-4BCA-A11B-9BF31A62AF87}
		{12BD8598-769B-4078-8254-3032632CDE71} = {12BD8598-769B-4078-8254-3032632CDE71}
		{0193689C-8ED2-4DCA-9389-5D233739B1F0} = {0193689C-8ED2-4DCA-9389-5D233739B1F0}
		{07650FA3-AEB1-4A11-90A8-D7E0E50C450F} = {07650FA3-AEB1-4A11-90A8-D7E0E50C450F}
		{AA6E1EC6-2E3D-42EE-B997-2F40814DD2C9} = {AA6E1EC6-2E3D-42EE-B997-2F40814DD2C9}
		{BAE973DE-66EB-4F44-A6B4-FFBCC8BEF530} = {BAE973DE-66EB-4F44-A6B4-FFBCC8BEF530}
		{8FB63DFE-0AFA-4755-96E0-F22C403D36C1} = {8FB63DFE-0AFA-4755-96E0-F22C403D36C1}
	EndProjectSection
EndProject
Project("{8BC9CEB8-8B4A-11D0-8D11-00A0C91BC942}") = "yamr", "libs\run_managers\yamr\yamr.vcxproj", "{AA6E1EC6-2E3D-42EE-B997-2F40814DD2C9}"
	ProjectSection(ProjectDependencies) = postProject
		{0193689C-8ED2-4DCA-9389-5D233739B1F0} = {0193689C-8ED2-4DCA-9389-5D233739B1F0}
		{BAE973DE-66EB-4F44-A6B4-FFBCC8BEF530} = {BAE973DE-66EB-4F44-A6B4-FFBCC8BEF530}
	EndProjectSection
EndProject
Project("{8BC9CEB8-8B4A-11D0-8D11-00A0C91BC942}") = "abstract_base", "libs\run_managers\abstract_base\abstract_base.vcxproj", "{BAE973DE-66EB-4F44-A6B4-FFBCC8BEF530}"
	ProjectSection(ProjectDependencies) = postProject
		{0193689C-8ED2-4DCA-9389-5D233739B1F0} = {0193689C-8ED2-4DCA-9389-5D233739B1F0}
	EndProjectSection
EndProject
Project("{8BC9CEB8-8B4A-11D0-8D11-00A0C91BC942}") = "serial", "libs\run_managers\serial\serial.vcxproj", "{07650FA3-AEB1-4A11-90A8-D7E0E50C450F}"
	ProjectSection(ProjectDependencies) = postProject
		{0193689C-8ED2-4DCA-9389-5D233739B1F0} = {0193689C-8ED2-4DCA-9389-5D233739B1F0}
		{BAE973DE-66EB-4F44-A6B4-FFBCC8BEF530} = {BAE973DE-66EB-4F44-A6B4-FFBCC8BEF530}
	EndProjectSection
EndProject
Project("{8BC9CEB8-8B4A-11D0-8D11-00A0C91BC942}") = "external", "libs\run_managers\external\external.vcxproj", "{3A6E883D-3DFD-4BCA-A11B-9BF31A62AF87}"
	ProjectSection(ProjectDependencies) = postProject
		{0193689C-8ED2-4DCA-9389-5D233739B1F0} = {0193689C-8ED2-4DCA-9389-5D233739B1F0}
		{BAE973DE-66EB-4F44-A6B4-FFBCC8BEF530} = {BAE973DE-66EB-4F44-A6B4-FFBCC8BEF530}
	EndProjectSection
EndProject
Project("{8BC9CEB8-8B4A-11D0-8D11-00A0C91BC942}") = "gsa", "programs\gsa\gsa.vcxproj", "{0C79A285-E41B-43D6-A799-CAF3D6E71821}"
	ProjectSection(ProjectDependencies) = postProject
		{D25CC810-E9E9-4920-82A4-6F585214480E} = {D25CC810-E9E9-4920-82A4-6F585214480E}
		{14A6DF17-84E7-47DA-88B4-4BC684768222} = {14A6DF17-84E7-47DA-88B4-4BC684768222}
		{C99FF120-0C40-4ACB-A3D8-A7E86E90EC0B} = {C99FF120-0C40-4ACB-A3D8-A7E86E90EC0B}
		{3A6E883D-3DFD-4BCA-A11B-9BF31A62AF87} = {3A6E883D-3DFD-4BCA-A11B-9BF31A62AF87}
		{2A840354-4E35-49DA-8A0A-6B78FE4FBD94} = {2A840354-4E35-49DA-8A0A-6B78FE4FBD94}
		{12BD8598-769B-4078-8254-3032632CDE71} = {12BD8598-769B-4078-8254-3032632CDE71}
		{0193689C-8ED2-4DCA-9389-5D233739B1F0} = {0193689C-8ED2-4DCA-9389-5D233739B1F0}
		{07650FA3-AEB1-4A11-90A8-D7E0E50C450F} = {07650FA3-AEB1-4A11-90A8-D7E0E50C450F}
		{AA6E1EC6-2E3D-42EE-B997-2F40814DD2C9} = {AA6E1EC6-2E3D-42EE-B997-2F40814DD2C9}
		{BAE973DE-66EB-4F44-A6B4-FFBCC8BEF530} = {BAE973DE-66EB-4F44-A6B4-FFBCC8BEF530}
		{8FB63DFE-0AFA-4755-96E0-F22C403D36C1} = {8FB63DFE-0AFA-4755-96E0-F22C403D36C1}
	EndProjectSection
EndProject
Project("{8BC9CEB8-8B4A-11D0-8D11-00A0C91BC942}") = "wrappers", "libs\run_managers\wrappers\wrappers.vcxproj", "{8FB63DFE-0AFA-4755-96E0-F22C403D36C1}"
EndProject
Project("{8BC9CEB8-8B4A-11D0-8D11-00A0C91BC942}") = "libopt", "libs\opt\libopt\libopt.vcxproj", "{12BD8598-769B-4078-8254-3032632CDE71}"
EndProject
Project("{8BC9CEB8-8B4A-11D0-8D11-00A0C91BC942}") = "pestpp-opt", "programs\pestpp-opt\pestpp-opt.vcxproj", "{5F664CD3-FF31-4B38-ADFC-55FE7DC11258}"
	ProjectSection(ProjectDependencies) = postProject
		{D25CC810-E9E9-4920-82A4-6F585214480E} = {D25CC810-E9E9-4920-82A4-6F585214480E}
		{14A6DF17-84E7-47DA-88B4-4BC684768222} = {14A6DF17-84E7-47DA-88B4-4BC684768222}
		{C99FF120-0C40-4ACB-A3D8-A7E86E90EC0B} = {C99FF120-0C40-4ACB-A3D8-A7E86E90EC0B}
		{3A6E883D-3DFD-4BCA-A11B-9BF31A62AF87} = {3A6E883D-3DFD-4BCA-A11B-9BF31A62AF87}
		{12BD8598-769B-4078-8254-3032632CDE71} = {12BD8598-769B-4078-8254-3032632CDE71}
		{0193689C-8ED2-4DCA-9389-5D233739B1F0} = {0193689C-8ED2-4DCA-9389-5D233739B1F0}
		{07650FA3-AEB1-4A11-90A8-D7E0E50C450F} = {07650FA3-AEB1-4A11-90A8-D7E0E50C450F}
		{AA6E1EC6-2E3D-42EE-B997-2F40814DD2C9} = {AA6E1EC6-2E3D-42EE-B997-2F40814DD2C9}
		{BAE973DE-66EB-4F44-A6B4-FFBCC8BEF530} = {BAE973DE-66EB-4F44-A6B4-FFBCC8BEF530}
		{8FB63DFE-0AFA-4755-96E0-F22C403D36C1} = {8FB63DFE-0AFA-4755-96E0-F22C403D36C1}
	EndProjectSection
EndProject
Project("{8BC9CEB8-8B4A-11D0-8D11-00A0C91BC942}") = "pestpp-ies", "programs\pestpp-ies\pestpp-ies.vcxproj", "{FAB19272-07D7-469B-BFA5-BA03DAD4854E}"
	ProjectSection(ProjectDependencies) = postProject
		{D25CC810-E9E9-4920-82A4-6F585214480E} = {D25CC810-E9E9-4920-82A4-6F585214480E}
		{14A6DF17-84E7-47DA-88B4-4BC684768222} = {14A6DF17-84E7-47DA-88B4-4BC684768222}
		{C99FF120-0C40-4ACB-A3D8-A7E86E90EC0B} = {C99FF120-0C40-4ACB-A3D8-A7E86E90EC0B}
		{3A6E883D-3DFD-4BCA-A11B-9BF31A62AF87} = {3A6E883D-3DFD-4BCA-A11B-9BF31A62AF87}
		{12BD8598-769B-4078-8254-3032632CDE71} = {12BD8598-769B-4078-8254-3032632CDE71}
		{0193689C-8ED2-4DCA-9389-5D233739B1F0} = {0193689C-8ED2-4DCA-9389-5D233739B1F0}
		{07650FA3-AEB1-4A11-90A8-D7E0E50C450F} = {07650FA3-AEB1-4A11-90A8-D7E0E50C450F}
		{AA6E1EC6-2E3D-42EE-B997-2F40814DD2C9} = {AA6E1EC6-2E3D-42EE-B997-2F40814DD2C9}
		{BAE973DE-66EB-4F44-A6B4-FFBCC8BEF530} = {BAE973DE-66EB-4F44-A6B4-FFBCC8BEF530}
		{8FB63DFE-0AFA-4755-96E0-F22C403D36C1} = {8FB63DFE-0AFA-4755-96E0-F22C403D36C1}
	EndProjectSection
EndProject
Project("{6989167D-11E4-40FE-8C1A-2192A86A7E90}") = "inschekpp", "utilities\inschekpp\inschekpp.vfproj", "{878F397B-8278-400B-9088-3B104893E93C}"
	ProjectSection(ProjectDependencies) = postProject
		{0193689C-8ED2-4DCA-9389-5D233739B1F0} = {0193689C-8ED2-4DCA-9389-5D233739B1F0}
	EndProjectSection
EndProject
Project("{8BC9CEB8-8B4A-11D0-8D11-00A0C91BC942}") = "pestpp-swp", "programs\sweep\pestpp-swp.vcxproj", "{3191F16A-11DF-4821-8D87-07262E2E20A5}"
	ProjectSection(ProjectDependencies) = postProject
		{D25CC810-E9E9-4920-82A4-6F585214480E} = {D25CC810-E9E9-4920-82A4-6F585214480E}
		{14A6DF17-84E7-47DA-88B4-4BC684768222} = {14A6DF17-84E7-47DA-88B4-4BC684768222}
		{C99FF120-0C40-4ACB-A3D8-A7E86E90EC0B} = {C99FF120-0C40-4ACB-A3D8-A7E86E90EC0B}
		{3A6E883D-3DFD-4BCA-A11B-9BF31A62AF87} = {3A6E883D-3DFD-4BCA-A11B-9BF31A62AF87}
		{12BD8598-769B-4078-8254-3032632CDE71} = {12BD8598-769B-4078-8254-3032632CDE71}
		{0193689C-8ED2-4DCA-9389-5D233739B1F0} = {0193689C-8ED2-4DCA-9389-5D233739B1F0}
		{07650FA3-AEB1-4A11-90A8-D7E0E50C450F} = {07650FA3-AEB1-4A11-90A8-D7E0E50C450F}
		{AA6E1EC6-2E3D-42EE-B997-2F40814DD2C9} = {AA6E1EC6-2E3D-42EE-B997-2F40814DD2C9}
		{BAE973DE-66EB-4F44-A6B4-FFBCC8BEF530} = {BAE973DE-66EB-4F44-A6B4-FFBCC8BEF530}
		{8FB63DFE-0AFA-4755-96E0-F22C403D36C1} = {8FB63DFE-0AFA-4755-96E0-F22C403D36C1}
	EndProjectSection
EndProject
Project("{6989167D-11E4-40FE-8C1A-2192A86A7E90}") = "pestpp-pso", "programs\pestpp-pso\pestpp-pso.vfproj", "{2A840354-4E35-49DA-8A0A-6B78FE4FBD94}"
	ProjectSection(ProjectDependencies) = postProject
		{D25CC810-E9E9-4920-82A4-6F585214480E} = {D25CC810-E9E9-4920-82A4-6F585214480E}
		{3A6E883D-3DFD-4BCA-A11B-9BF31A62AF87} = {3A6E883D-3DFD-4BCA-A11B-9BF31A62AF87}
		{0193689C-8ED2-4DCA-9389-5D233739B1F0} = {0193689C-8ED2-4DCA-9389-5D233739B1F0}
		{07650FA3-AEB1-4A11-90A8-D7E0E50C450F} = {07650FA3-AEB1-4A11-90A8-D7E0E50C450F}
		{AA6E1EC6-2E3D-42EE-B997-2F40814DD2C9} = {AA6E1EC6-2E3D-42EE-B997-2F40814DD2C9}
		{BAE973DE-66EB-4F44-A6B4-FFBCC8BEF530} = {BAE973DE-66EB-4F44-A6B4-FFBCC8BEF530}
		{8FB63DFE-0AFA-4755-96E0-F22C403D36C1} = {8FB63DFE-0AFA-4755-96E0-F22C403D36C1}
	EndProjectSection
EndProject

Project("{8BC9CEB8-8B4A-11D0-8D11-00A0C91BC942}") = "pestpp-sqp", "programs\pestpp-sqp\pestpp-sqp.vcxproj", "{9BA76345-ABA5-418B-93D1-0BCCE17A583D}"
	ProjectSection(ProjectDependencies) = postProject
		{D25CC810-E9E9-4920-82A4-6F585214480E} = {D25CC810-E9E9-4920-82A4-6F585214480E}
		{3A6E883D-3DFD-4BCA-A11B-9BF31A62AF87} = {3A6E883D-3DFD-4BCA-A11B-9BF31A62AF87}
		{0193689C-8ED2-4DCA-9389-5D233739B1F0} = {0193689C-8ED2-4DCA-9389-5D233739B1F0}
		{07650FA3-AEB1-4A11-90A8-D7E0E50C450F} = {07650FA3-AEB1-4A11-90A8-D7E0E50C450F}
		{AA6E1EC6-2E3D-42EE-B997-2F40814DD2C9} = {AA6E1EC6-2E3D-42EE-B997-2F40814DD2C9}
		{BAE973DE-66EB-4F44-A6B4-FFBCC8BEF530} = {BAE973DE-66EB-4F44-A6B4-FFBCC8BEF530}
		{8FB63DFE-0AFA-4755-96E0-F22C403D36C1} = {8FB63DFE-0AFA-4755-96E0-F22C403D36C1}
	EndProjectSection
EndProject

Project("{8BC9CEB8-8B4A-11D0-8D11-00A0C91BC942}") = "pestpp-mou", "programs\pestpp-mou\pestpp-mou.vcxproj", "{5097F67C-A0F3-4A67-BE63-36F86EDE8A36}"
	ProjectSection(ProjectDependencies) = postProject
		{D25CC810-E9E9-4920-82A4-6F585214480E} = {D25CC810-E9E9-4920-82A4-6F585214480E}
		{3A6E883D-3DFD-4BCA-A11B-9BF31A62AF87} = {3A6E883D-3DFD-4BCA-A11B-9BF31A62AF87}
		{0193689C-8ED2-4DCA-9389-5D233739B1F0} = {0193689C-8ED2-4DCA-9389-5D233739B1F0}
		{07650FA3-AEB1-4A11-90A8-D7E0E50C450F} = {07650FA3-AEB1-4A11-90A8-D7E0E50C450F}
		{AA6E1EC6-2E3D-42EE-B997-2F40814DD2C9} = {AA6E1EC6-2E3D-42EE-B997-2F40814DD2C9}
		{BAE973DE-66EB-4F44-A6B4-FFBCC8BEF530} = {BAE973DE-66EB-4F44-A6B4-FFBCC8BEF530}
		{8FB63DFE-0AFA-4755-96E0-F22C403D36C1} = {8FB63DFE-0AFA-4755-96E0-F22C403D36C1}
	EndProjectSection
EndProject
Global
	GlobalSection(SolutionConfigurationPlatforms) = preSolution
		Debug|x64 = Debug|x64
		Debug|x86 = Debug|x86
		Release|x64 = Release|x64
		Release|x86 = Release|x86
	EndGlobalSection
	GlobalSection(ProjectConfigurationPlatforms) = postSolution
		{0193689C-8ED2-4DCA-9389-5D233739B1F0}.Debug|x64.ActiveCfg = Debug|x64
		{0193689C-8ED2-4DCA-9389-5D233739B1F0}.Debug|x64.Build.0 = Debug|x64
		{0193689C-8ED2-4DCA-9389-5D233739B1F0}.Debug|x86.ActiveCfg = Debug|Win32
		{0193689C-8ED2-4DCA-9389-5D233739B1F0}.Debug|x86.Build.0 = Debug|Win32
		{0193689C-8ED2-4DCA-9389-5D233739B1F0}.Release|x64.ActiveCfg = Release|x64
		{0193689C-8ED2-4DCA-9389-5D233739B1F0}.Release|x64.Build.0 = Release|x64
		{0193689C-8ED2-4DCA-9389-5D233739B1F0}.Release|x86.ActiveCfg = Release|Win32
		{0193689C-8ED2-4DCA-9389-5D233739B1F0}.Release|x86.Build.0 = Release|Win32
		{14A6DF17-84E7-47DA-88B4-4BC684768222}.Debug|x64.ActiveCfg = Debug|x64
		{14A6DF17-84E7-47DA-88B4-4BC684768222}.Debug|x86.ActiveCfg = Debug|x64

		{14A6DF17-84E7-47DA-88B4-4BC684768222}.Debug|x86.Build.0 = Debug|Win32
		{14A6DF17-84E7-47DA-88B4-4BC684768222}.Release|x64.ActiveCfg = Release|x64
		{14A6DF17-84E7-47DA-88B4-4BC684768222}.Release|x86.ActiveCfg = Release|x64
		{14A6DF17-84E7-47DA-88B4-4BC684768222}.Release|x86.Build.0 = Release|Win32

		{D25CC810-E9E9-4920-82A4-6F585214480E}.Debug|x64.ActiveCfg = Debug|x64
		{D25CC810-E9E9-4920-82A4-6F585214480E}.Debug|x64.Build.0 = Debug|x64
		{D25CC810-E9E9-4920-82A4-6F585214480E}.Debug|x86.ActiveCfg = Debug|Win32
		{D25CC810-E9E9-4920-82A4-6F585214480E}.Debug|x86.Build.0 = Debug|Win32
		{D25CC810-E9E9-4920-82A4-6F585214480E}.Release|x64.ActiveCfg = Release|x64
		{D25CC810-E9E9-4920-82A4-6F585214480E}.Release|x64.Build.0 = Release|x64
		{D25CC810-E9E9-4920-82A4-6F585214480E}.Release|x86.ActiveCfg = Release|Win32
		{D25CC810-E9E9-4920-82A4-6F585214480E}.Release|x86.Build.0 = Release|Win32
		{C99FF120-0C40-4ACB-A3D8-A7E86E90EC0B}.Debug|x64.ActiveCfg = Debug|x64
		{C99FF120-0C40-4ACB-A3D8-A7E86E90EC0B}.Debug|x86.ActiveCfg = Debug|x64

		{C99FF120-0C40-4ACB-A3D8-A7E86E90EC0B}.Debug|x86.Build.0 = Debug|Win32
		{C99FF120-0C40-4ACB-A3D8-A7E86E90EC0B}.Release|x64.ActiveCfg = Release|x64
		{C99FF120-0C40-4ACB-A3D8-A7E86E90EC0B}.Release|x86.ActiveCfg = Release|x64
		{C99FF120-0C40-4ACB-A3D8-A7E86E90EC0B}.Release|x86.Build.0 = Release|Win32

		{38231990-B7FE-469D-9DCD-C588D81163E3}.Debug|x64.ActiveCfg = Debug|x64
		{38231990-B7FE-469D-9DCD-C588D81163E3}.Debug|x64.Build.0 = Debug|x64
		{38231990-B7FE-469D-9DCD-C588D81163E3}.Debug|x86.ActiveCfg = Debug|Win32
		{38231990-B7FE-469D-9DCD-C588D81163E3}.Debug|x86.Build.0 = Debug|Win32
		{38231990-B7FE-469D-9DCD-C588D81163E3}.Release|x64.ActiveCfg = Release|x64
		{38231990-B7FE-469D-9DCD-C588D81163E3}.Release|x64.Build.0 = Release|x64
		{38231990-B7FE-469D-9DCD-C588D81163E3}.Release|x86.ActiveCfg = Release|Win32
		{38231990-B7FE-469D-9DCD-C588D81163E3}.Release|x86.Build.0 = Release|Win32
		{AA6E1EC6-2E3D-42EE-B997-2F40814DD2C9}.Debug|x64.ActiveCfg = Debug|x64
		{AA6E1EC6-2E3D-42EE-B997-2F40814DD2C9}.Debug|x64.Build.0 = Debug|x64
		{AA6E1EC6-2E3D-42EE-B997-2F40814DD2C9}.Debug|x86.ActiveCfg = Debug|Win32
		{AA6E1EC6-2E3D-42EE-B997-2F40814DD2C9}.Debug|x86.Build.0 = Debug|Win32
		{AA6E1EC6-2E3D-42EE-B997-2F40814DD2C9}.Release|x64.ActiveCfg = Release|x64
		{AA6E1EC6-2E3D-42EE-B997-2F40814DD2C9}.Release|x64.Build.0 = Release|x64
		{AA6E1EC6-2E3D-42EE-B997-2F40814DD2C9}.Release|x86.ActiveCfg = Release|Win32
		{AA6E1EC6-2E3D-42EE-B997-2F40814DD2C9}.Release|x86.Build.0 = Release|Win32
		{BAE973DE-66EB-4F44-A6B4-FFBCC8BEF530}.Debug|x64.ActiveCfg = Debug|x64
		{BAE973DE-66EB-4F44-A6B4-FFBCC8BEF530}.Debug|x64.Build.0 = Debug|x64
		{BAE973DE-66EB-4F44-A6B4-FFBCC8BEF530}.Debug|x86.ActiveCfg = Debug|Win32
		{BAE973DE-66EB-4F44-A6B4-FFBCC8BEF530}.Debug|x86.Build.0 = Debug|Win32
		{BAE973DE-66EB-4F44-A6B4-FFBCC8BEF530}.Release|x64.ActiveCfg = Release|x64
		{BAE973DE-66EB-4F44-A6B4-FFBCC8BEF530}.Release|x64.Build.0 = Release|x64
		{BAE973DE-66EB-4F44-A6B4-FFBCC8BEF530}.Release|x86.ActiveCfg = Release|Win32
		{BAE973DE-66EB-4F44-A6B4-FFBCC8BEF530}.Release|x86.Build.0 = Release|Win32
		{07650FA3-AEB1-4A11-90A8-D7E0E50C450F}.Debug|x64.ActiveCfg = Debug|x64
		{07650FA3-AEB1-4A11-90A8-D7E0E50C450F}.Debug|x64.Build.0 = Debug|x64
		{07650FA3-AEB1-4A11-90A8-D7E0E50C450F}.Debug|x86.ActiveCfg = Debug|Win32
		{07650FA3-AEB1-4A11-90A8-D7E0E50C450F}.Debug|x86.Build.0 = Debug|Win32
		{07650FA3-AEB1-4A11-90A8-D7E0E50C450F}.Release|x64.ActiveCfg = Release|x64
		{07650FA3-AEB1-4A11-90A8-D7E0E50C450F}.Release|x64.Build.0 = Release|x64
		{07650FA3-AEB1-4A11-90A8-D7E0E50C450F}.Release|x86.ActiveCfg = Release|Win32
		{07650FA3-AEB1-4A11-90A8-D7E0E50C450F}.Release|x86.Build.0 = Release|Win32
		{3A6E883D-3DFD-4BCA-A11B-9BF31A62AF87}.Debug|x64.ActiveCfg = Debug|x64
		{3A6E883D-3DFD-4BCA-A11B-9BF31A62AF87}.Debug|x64.Build.0 = Debug|x64
		{3A6E883D-3DFD-4BCA-A11B-9BF31A62AF87}.Debug|x86.ActiveCfg = Debug|Win32
		{3A6E883D-3DFD-4BCA-A11B-9BF31A62AF87}.Debug|x86.Build.0 = Debug|Win32
		{3A6E883D-3DFD-4BCA-A11B-9BF31A62AF87}.Release|x64.ActiveCfg = Release|x64
		{3A6E883D-3DFD-4BCA-A11B-9BF31A62AF87}.Release|x64.Build.0 = Release|x64
		{3A6E883D-3DFD-4BCA-A11B-9BF31A62AF87}.Release|x86.ActiveCfg = Release|Win32
		{3A6E883D-3DFD-4BCA-A11B-9BF31A62AF87}.Release|x86.Build.0 = Release|Win32
		{0C79A285-E41B-43D6-A799-CAF3D6E71821}.Debug|x64.ActiveCfg = Debug|x64
		{0C79A285-E41B-43D6-A799-CAF3D6E71821}.Debug|x64.Build.0 = Debug|x64
		{0C79A285-E41B-43D6-A799-CAF3D6E71821}.Debug|x86.ActiveCfg = Debug|Win32
		{0C79A285-E41B-43D6-A799-CAF3D6E71821}.Debug|x86.Build.0 = Debug|Win32
		{0C79A285-E41B-43D6-A799-CAF3D6E71821}.Release|x64.ActiveCfg = Release|x64
		{0C79A285-E41B-43D6-A799-CAF3D6E71821}.Release|x64.Build.0 = Release|x64
		{0C79A285-E41B-43D6-A799-CAF3D6E71821}.Release|x86.ActiveCfg = Release|Win32
		{0C79A285-E41B-43D6-A799-CAF3D6E71821}.Release|x86.Build.0 = Release|Win32
		{8FB63DFE-0AFA-4755-96E0-F22C403D36C1}.Debug|x64.ActiveCfg = Debug|x64
		{8FB63DFE-0AFA-4755-96E0-F22C403D36C1}.Debug|x64.Build.0 = Debug|x64
		{8FB63DFE-0AFA-4755-96E0-F22C403D36C1}.Debug|x86.ActiveCfg = Debug|Win32
		{8FB63DFE-0AFA-4755-96E0-F22C403D36C1}.Debug|x86.Build.0 = Debug|Win32
		{8FB63DFE-0AFA-4755-96E0-F22C403D36C1}.Release|x64.ActiveCfg = Release|x64
		{8FB63DFE-0AFA-4755-96E0-F22C403D36C1}.Release|x64.Build.0 = Release|x64
		{8FB63DFE-0AFA-4755-96E0-F22C403D36C1}.Release|x86.ActiveCfg = Release|Win32
		{8FB63DFE-0AFA-4755-96E0-F22C403D36C1}.Release|x86.Build.0 = Release|Win32
		{12BD8598-769B-4078-8254-3032632CDE71}.Debug|x64.ActiveCfg = Debug|x64
		{12BD8598-769B-4078-8254-3032632CDE71}.Debug|x64.Build.0 = Debug|x64
		{12BD8598-769B-4078-8254-3032632CDE71}.Debug|x86.ActiveCfg = Debug|Win32
		{12BD8598-769B-4078-8254-3032632CDE71}.Debug|x86.Build.0 = Debug|Win32
		{12BD8598-769B-4078-8254-3032632CDE71}.Release|x64.ActiveCfg = Release|x64
		{12BD8598-769B-4078-8254-3032632CDE71}.Release|x64.Build.0 = Release|x64
		{12BD8598-769B-4078-8254-3032632CDE71}.Release|x86.ActiveCfg = Release|Win32
		{12BD8598-769B-4078-8254-3032632CDE71}.Release|x86.Build.0 = Release|Win32
		{5F664CD3-FF31-4B38-ADFC-55FE7DC11258}.Debug|x64.ActiveCfg = Debug|x64
		{5F664CD3-FF31-4B38-ADFC-55FE7DC11258}.Debug|x64.Build.0 = Debug|x64
		{5F664CD3-FF31-4B38-ADFC-55FE7DC11258}.Debug|x86.ActiveCfg = Debug|Win32
		{5F664CD3-FF31-4B38-ADFC-55FE7DC11258}.Debug|x86.Build.0 = Debug|Win32
		{5F664CD3-FF31-4B38-ADFC-55FE7DC11258}.Release|x64.ActiveCfg = Release|x64
		{5F664CD3-FF31-4B38-ADFC-55FE7DC11258}.Release|x64.Build.0 = Release|x64
		{5F664CD3-FF31-4B38-ADFC-55FE7DC11258}.Release|x86.ActiveCfg = Release|Win32
		{5F664CD3-FF31-4B38-ADFC-55FE7DC11258}.Release|x86.Build.0 = Release|Win32
		{FAB19272-07D7-469B-BFA5-BA03DAD4854E}.Debug|x64.ActiveCfg = Debug|x64
		{FAB19272-07D7-469B-BFA5-BA03DAD4854E}.Debug|x64.Build.0 = Debug|x64
		{FAB19272-07D7-469B-BFA5-BA03DAD4854E}.Debug|x86.ActiveCfg = Debug|Win32
		{FAB19272-07D7-469B-BFA5-BA03DAD4854E}.Debug|x86.Build.0 = Debug|Win32
		{FAB19272-07D7-469B-BFA5-BA03DAD4854E}.Release|x64.ActiveCfg = Release|x64
		{FAB19272-07D7-469B-BFA5-BA03DAD4854E}.Release|x64.Build.0 = Release|x64
		{FAB19272-07D7-469B-BFA5-BA03DAD4854E}.Release|x86.ActiveCfg = Release|Win32
		{FAB19272-07D7-469B-BFA5-BA03DAD4854E}.Release|x86.Build.0 = Release|Win32
		{878F397B-8278-400B-9088-3B104893E93C}.Debug|x64.ActiveCfg = Debug|x64
		{878F397B-8278-400B-9088-3B104893E93C}.Debug|x86.ActiveCfg = Debug|x64
		{878F397B-8278-400B-9088-3B104893E93C}.Release|x64.ActiveCfg = Release|x64
		{878F397B-8278-400B-9088-3B104893E93C}.Release|x64.Build.0 = Release|x64
		{878F397B-8278-400B-9088-3B104893E93C}.Release|x86.ActiveCfg = Release|x64
		{3191F16A-11DF-4821-8D87-07262E2E20A5}.Debug|x64.ActiveCfg = Debug|x64
		{3191F16A-11DF-4821-8D87-07262E2E20A5}.Debug|x64.Build.0 = Debug|x64
		{3191F16A-11DF-4821-8D87-07262E2E20A5}.Debug|x86.ActiveCfg = Debug|Win32
		{3191F16A-11DF-4821-8D87-07262E2E20A5}.Debug|x86.Build.0 = Debug|Win32
		{3191F16A-11DF-4821-8D87-07262E2E20A5}.Release|x64.ActiveCfg = Release|x64
		{3191F16A-11DF-4821-8D87-07262E2E20A5}.Release|x64.Build.0 = Release|x64
		{3191F16A-11DF-4821-8D87-07262E2E20A5}.Release|x86.ActiveCfg = Release|Win32
		{3191F16A-11DF-4821-8D87-07262E2E20A5}.Release|x86.Build.0 = Release|Win32
		{2A840354-4E35-49DA-8A0A-6B78FE4FBD94}.Debug|x64.ActiveCfg = Debug|x64
		{2A840354-4E35-49DA-8A0A-6B78FE4FBD94}.Debug|x86.ActiveCfg = Debug|x64

		{2A840354-4E35-49DA-8A0A-6B78FE4FBD94}.Debug|x86.Build.0 = Debug|Win32
		{2A840354-4E35-49DA-8A0A-6B78FE4FBD94}.Release|x64.ActiveCfg = Release|x64
		{2A840354-4E35-49DA-8A0A-6B78FE4FBD94}.Release|x64.Build.0 = Release|x64
		{2A840354-4E35-49DA-8A0A-6B78FE4FBD94}.Release|x86.ActiveCfg = Release|x64
		{2A840354-4E35-49DA-8A0A-6B78FE4FBD94}.Release|x86.Build.0 = Release|Win32
		{9BA76345-ABA5-418B-93D1-0BCCE17A583D}.Debug|x64.ActiveCfg = Debug|x64
		{9BA76345-ABA5-418B-93D1-0BCCE17A583D}.Debug|x64.Build.0 = Debug|x64
		{9BA76345-ABA5-418B-93D1-0BCCE17A583D}.Debug|x86.ActiveCfg = Debug|Win32
		{9BA76345-ABA5-418B-93D1-0BCCE17A583D}.Debug|x86.Build.0 = Debug|Win32
		{9BA76345-ABA5-418B-93D1-0BCCE17A583D}.Release|x64.ActiveCfg = Release|x64
		{9BA76345-ABA5-418B-93D1-0BCCE17A583D}.Release|x64.Build.0 = Release|x64
		{9BA76345-ABA5-418B-93D1-0BCCE17A583D}.Release|x86.ActiveCfg = Release|Win32
		{9BA76345-ABA5-418B-93D1-0BCCE17A583D}.Release|x86.Build.0 = Release|Win32

		{5097F67C-A0F3-4A67-BE63-36F86EDE8A36}.Debug|x64.ActiveCfg = Debug|x64
		{5097F67C-A0F3-4A67-BE63-36F86EDE8A36}.Debug|x64.Build.0 = Debug|x64
		{5097F67C-A0F3-4A67-BE63-36F86EDE8A36}.Debug|x86.ActiveCfg = Debug|Win32
		{5097F67C-A0F3-4A67-BE63-36F86EDE8A36}.Debug|x86.Build.0 = Debug|Win32
		{5097F67C-A0F3-4A67-BE63-36F86EDE8A36}.Release|x64.ActiveCfg = Release|x64
		{5097F67C-A0F3-4A67-BE63-36F86EDE8A36}.Release|x64.Build.0 = Release|x64
		{5097F67C-A0F3-4A67-BE63-36F86EDE8A36}.Release|x86.ActiveCfg = Release|Win32
		{5097F67C-A0F3-4A67-BE63-36F86EDE8A36}.Release|x86.Build.0 = Release|Win32
	EndGlobalSection
	GlobalSection(SolutionProperties) = preSolution
		HideSolutionNode = FALSE
	EndGlobalSection
	GlobalSection(NestedProjects) = preSolution
		{0193689C-8ED2-4DCA-9389-5D233739B1F0} = {11BD8BB1-91CC-4668-A525-068BC6F29F3C}
		{14A6DF17-84E7-47DA-88B4-4BC684768222} = {11BD8BB1-91CC-4668-A525-068BC6F29F3C}
		{D25CC810-E9E9-4920-82A4-6F585214480E} = {11BD8BB1-91CC-4668-A525-068BC6F29F3C}
		{C99FF120-0C40-4ACB-A3D8-A7E86E90EC0B} = {11BD8BB1-91CC-4668-A525-068BC6F29F3C}
		{77F56848-1D75-402B-BB6B-09A9D3B4E747} = {11BD8BB1-91CC-4668-A525-068BC6F29F3C}
		{38231990-B7FE-469D-9DCD-C588D81163E3} = {39DF6EBF-E044-4F28-9331-47D83A4AE2FA}
		{AA6E1EC6-2E3D-42EE-B997-2F40814DD2C9} = {77F56848-1D75-402B-BB6B-09A9D3B4E747}
		{BAE973DE-66EB-4F44-A6B4-FFBCC8BEF530} = {77F56848-1D75-402B-BB6B-09A9D3B4E747}
		{07650FA3-AEB1-4A11-90A8-D7E0E50C450F} = {77F56848-1D75-402B-BB6B-09A9D3B4E747}
		{3A6E883D-3DFD-4BCA-A11B-9BF31A62AF87} = {77F56848-1D75-402B-BB6B-09A9D3B4E747}
		{0C79A285-E41B-43D6-A799-CAF3D6E71821} = {39DF6EBF-E044-4F28-9331-47D83A4AE2FA}
		{8FB63DFE-0AFA-4755-96E0-F22C403D36C1} = {77F56848-1D75-402B-BB6B-09A9D3B4E747}
		{12BD8598-769B-4078-8254-3032632CDE71} = {11BD8BB1-91CC-4668-A525-068BC6F29F3C}
		{5F664CD3-FF31-4B38-ADFC-55FE7DC11258} = {39DF6EBF-E044-4F28-9331-47D83A4AE2FA}
		{FAB19272-07D7-469B-BFA5-BA03DAD4854E} = {39DF6EBF-E044-4F28-9331-47D83A4AE2FA}
		{878F397B-8278-400B-9088-3B104893E93C} = {348A41E4-80F6-4B7C-AC48-DBD6BF7FB25D}
		{3191F16A-11DF-4821-8D87-07262E2E20A5} = {39DF6EBF-E044-4F28-9331-47D83A4AE2FA}
		{2A840354-4E35-49DA-8A0A-6B78FE4FBD94} = {39DF6EBF-E044-4F28-9331-47D83A4AE2FA}

		{9BA76345-ABA5-418B-93D1-0BCCE17A583D} = {39DF6EBF-E044-4F28-9331-47D83A4AE2FA}

		{5097F67C-A0F3-4A67-BE63-36F86EDE8A36} = {39DF6EBF-E044-4F28-9331-47D83A4AE2FA}
	EndGlobalSection
	GlobalSection(ExtensibilityGlobals) = postSolution
		SolutionGuid = {3AF952C6-9B14-4E93-A223-FF7B1FDD8457}
	EndGlobalSection
EndGlobal
